version = 1
revision = 1
requires-python = ">=3.10"

[[package]]
name = "annotated-types"
version = "0.7.0"
source = { registry = "https://nexus.infra.myoffice.group/repository/pypi.org/simple" }
sdist = { url = "https://nexus.infra.myoffice.group/repository/pypi.org/packages/annotated-types/0.7.0/annotated_types-0.7.0.tar.gz", hash = "sha256:aff07c09a53a08bc8cfccb9c85b05f1aa9a2a6f23728d790723543408344ce89" }
wheels = [
    { url = "https://nexus.infra.myoffice.group/repository/pypi.org/packages/annotated-types/0.7.0/annotated_types-0.7.0-py3-none-any.whl", hash = "sha256:1f02e8b43a8fbbc3f3e0d4f0f4bfc8131bcb4eebe8849b8e5c773f3a1c582a53" },
]

[[package]]
name = "async-timeout"
version = "5.0.1"
source = { registry = "https://nexus.infra.myoffice.group/repository/pypi.org/simple" }
sdist = { url = "https://nexus.infra.myoffice.group/repository/pypi.org/packages/async-timeout/5.0.1/async_timeout-5.0.1.tar.gz", hash = "sha256:d9321a7a3d5a6a5e187e824d2fa0793ce379a202935782d555d6e9d2735677d3" }
wheels = [
    { url = "https://nexus.infra.myoffice.group/repository/pypi.org/packages/async-timeout/5.0.1/async_timeout-5.0.1-py3-none-any.whl", hash = "sha256:39e3809566ff85354557ec2398b55e096c8364bacac9405a7a1fa429e77fe76c" },
]

[[package]]
name = "backoff"
version = "2.2.1"
source = { registry = "https://nexus.infra.myoffice.group/repository/pypi.org/simple" }
sdist = { url = "https://nexus.infra.myoffice.group/repository/pypi.org/packages/backoff/2.2.1/backoff-2.2.1.tar.gz", hash = "sha256:03f829f5bb1923180821643f8753b0502c3b682293992485b0eef2807afa5cba" }
wheels = [
    { url = "https://nexus.infra.myoffice.group/repository/pypi.org/packages/backoff/2.2.1/backoff-2.2.1-py3-none-any.whl", hash = "sha256:63579f9a0628e06278f7e47b7d7d5b6ce20dc65c5e96a6f3ca99a6adca0396e8" },
]

[[package]]
name = "colorama"
version = "0.4.6"
source = { registry = "https://nexus.infra.myoffice.group/repository/pypi.org/simple" }
sdist = { url = "https://nexus.infra.myoffice.group/repository/pypi.org/packages/colorama/0.4.6/colorama-0.4.6.tar.gz", hash = "sha256:08695f5cb7ed6e0531a20572697297273c47b8cae5a63ffc6d6ed5c201be6e44" }
wheels = [
    { url = "https://nexus.infra.myoffice.group/repository/pypi.org/packages/colorama/0.4.6/colorama-0.4.6-py2.py3-none-any.whl", hash = "sha256:4f1d9991f5acc0ca119f9d443620b77f9d6b33703e51011c16baf57afb285fc6" },
]

[[package]]
name = "exceptiongroup"
version = "1.3.0"
source = { registry = "https://nexus.infra.myoffice.group/repository/pypi.org/simple" }
dependencies = [
    { name = "typing-extensions", marker = "python_full_version < '3.13'" },
]
sdist = { url = "https://nexus.infra.myoffice.group/repository/pypi.org/packages/exceptiongroup/1.3.0/exceptiongroup-1.3.0.tar.gz", hash = "sha256:b241f5885f560bc56a59ee63ca4c6a8bfa46ae4ad651af316d4e81817bb9fd88" }
wheels = [
    { url = "https://nexus.infra.myoffice.group/repository/pypi.org/packages/exceptiongroup/1.3.0/exceptiongroup-1.3.0-py3-none-any.whl", hash = "sha256:4d111e6e0c13d0644cad6ddaa7ed0261a0b36971f6d23e7ec9b4b9097da78a10" },
]

[[package]]
name = "iniconfig"
version = "2.1.0"
source = { registry = "https://nexus.infra.myoffice.group/repository/pypi.org/simple" }
sdist = { url = "https://nexus.infra.myoffice.group/repository/pypi.org/packages/iniconfig/2.1.0/iniconfig-2.1.0.tar.gz", hash = "sha256:3abbd2e30b36733fee78f9c7f7308f2d0050e88f0087fd25c2645f63c773e1c7" }
wheels = [
    { url = "https://nexus.infra.myoffice.group/repository/pypi.org/packages/iniconfig/2.1.0/iniconfig-2.1.0-py3-none-any.whl", hash = "sha256:9deba5723312380e77435581c6bf4935c94cbfab9b1ed33ef8d238ea168eb760" },
]

[[package]]
name = "mypy"
version = "1.15.0"
source = { registry = "https://nexus.infra.myoffice.group/repository/pypi.org/simple" }
dependencies = [
    { name = "mypy-extensions" },
    { name = "tomli", marker = "python_full_version < '3.11'" },
    { name = "typing-extensions" },
]
sdist = { url = "https://nexus.infra.myoffice.group/repository/pypi.org/packages/mypy/1.15.0/mypy-1.15.0.tar.gz", hash = "sha256:404534629d51d3efea5c800ee7c42b72a6554d6c400e6a79eafe15d11341fd43" }
wheels = [
    { url = "https://nexus.infra.myoffice.group/repository/pypi.org/packages/mypy/1.15.0/mypy-1.15.0-cp310-cp310-macosx_10_9_x86_64.whl", hash = "sha256:979e4e1a006511dacf628e36fadfecbcc0160a8af6ca7dad2f5025529e082c13" },
    { url = "https://nexus.infra.myoffice.group/repository/pypi.org/packages/mypy/1.15.0/mypy-1.15.0-cp310-cp310-macosx_11_0_arm64.whl", hash = "sha256:c4bb0e1bd29f7d34efcccd71cf733580191e9a264a2202b0239da95984c5b559" },
    { url = "https://nexus.infra.myoffice.group/repository/pypi.org/packages/mypy/1.15.0/mypy-1.15.0-cp310-cp310-manylinux_2_17_aarch64.manylinux2014_aarch64.manylinux_2_28_aarch64.whl", hash = "sha256:be68172e9fd9ad8fb876c6389f16d1c1b5f100ffa779f77b1fb2176fcc9ab95b" },
    { url = "https://nexus.infra.myoffice.group/repository/pypi.org/packages/mypy/1.15.0/mypy-1.15.0-cp310-cp310-manylinux_2_17_x86_64.manylinux2014_x86_64.manylinux_2_28_x86_64.whl", hash = "sha256:c7be1e46525adfa0d97681432ee9fcd61a3964c2446795714699a998d193f1a3" },
    { url = "https://nexus.infra.myoffice.group/repository/pypi.org/packages/mypy/1.15.0/mypy-1.15.0-cp310-cp310-musllinux_1_2_x86_64.whl", hash = "sha256:2e2c2e6d3593f6451b18588848e66260ff62ccca522dd231cd4dd59b0160668b" },
    { url = "https://nexus.infra.myoffice.group/repository/pypi.org/packages/mypy/1.15.0/mypy-1.15.0-cp310-cp310-win_amd64.whl", hash = "sha256:6983aae8b2f653e098edb77f893f7b6aca69f6cffb19b2cc7443f23cce5f4828" },
    { url = "https://nexus.infra.myoffice.group/repository/pypi.org/packages/mypy/1.15.0/mypy-1.15.0-cp311-cp311-macosx_10_9_x86_64.whl", hash = "sha256:2922d42e16d6de288022e5ca321cd0618b238cfc5570e0263e5ba0a77dbef56f" },
    { url = "https://nexus.infra.myoffice.group/repository/pypi.org/packages/mypy/1.15.0/mypy-1.15.0-cp311-cp311-macosx_11_0_arm64.whl", hash = "sha256:2ee2d57e01a7c35de00f4634ba1bbf015185b219e4dc5909e281016df43f5ee5" },
    { url = "https://nexus.infra.myoffice.group/repository/pypi.org/packages/mypy/1.15.0/mypy-1.15.0-cp311-cp311-manylinux_2_17_aarch64.manylinux2014_aarch64.manylinux_2_28_aarch64.whl", hash = "sha256:973500e0774b85d9689715feeffcc980193086551110fd678ebe1f4342fb7c5e" },
    { url = "https://nexus.infra.myoffice.group/repository/pypi.org/packages/mypy/1.15.0/mypy-1.15.0-cp311-cp311-manylinux_2_17_x86_64.manylinux2014_x86_64.manylinux_2_28_x86_64.whl", hash = "sha256:5a95fb17c13e29d2d5195869262f8125dfdb5c134dc8d9a9d0aecf7525b10c2c" },
    { url = "https://nexus.infra.myoffice.group/repository/pypi.org/packages/mypy/1.15.0/mypy-1.15.0-cp311-cp311-musllinux_1_2_x86_64.whl", hash = "sha256:1905f494bfd7d85a23a88c5d97840888a7bd516545fc5aaedff0267e0bb54e2f" },
    { url = "https://nexus.infra.myoffice.group/repository/pypi.org/packages/mypy/1.15.0/mypy-1.15.0-cp311-cp311-win_amd64.whl", hash = "sha256:c9817fa23833ff189db061e6d2eff49b2f3b6ed9856b4a0a73046e41932d744f" },
    { url = "https://nexus.infra.myoffice.group/repository/pypi.org/packages/mypy/1.15.0/mypy-1.15.0-cp312-cp312-macosx_10_13_x86_64.whl", hash = "sha256:aea39e0583d05124836ea645f412e88a5c7d0fd77a6d694b60d9b6b2d9f184fd" },
    { url = "https://nexus.infra.myoffice.group/repository/pypi.org/packages/mypy/1.15.0/mypy-1.15.0-cp312-cp312-macosx_11_0_arm64.whl", hash = "sha256:2f2147ab812b75e5b5499b01ade1f4a81489a147c01585cda36019102538615f" },
    { url = "https://nexus.infra.myoffice.group/repository/pypi.org/packages/mypy/1.15.0/mypy-1.15.0-cp312-cp312-manylinux_2_17_aarch64.manylinux2014_aarch64.manylinux_2_28_aarch64.whl", hash = "sha256:ce436f4c6d218a070048ed6a44c0bbb10cd2cc5e272b29e7845f6a2f57ee4464" },
    { url = "https://nexus.infra.myoffice.group/repository/pypi.org/packages/mypy/1.15.0/mypy-1.15.0-cp312-cp312-manylinux_2_17_x86_64.manylinux2014_x86_64.manylinux_2_28_x86_64.whl", hash = "sha256:8023ff13985661b50a5928fc7a5ca15f3d1affb41e5f0a9952cb68ef090b31ee" },
    { url = "https://nexus.infra.myoffice.group/repository/pypi.org/packages/mypy/1.15.0/mypy-1.15.0-cp312-cp312-musllinux_1_2_x86_64.whl", hash = "sha256:1124a18bc11a6a62887e3e137f37f53fbae476dc36c185d549d4f837a2a6a14e" },
    { url = "https://nexus.infra.myoffice.group/repository/pypi.org/packages/mypy/1.15.0/mypy-1.15.0-cp312-cp312-win_amd64.whl", hash = "sha256:171a9ca9a40cd1843abeca0e405bc1940cd9b305eaeea2dda769ba096932bb22" },
    { url = "https://nexus.infra.myoffice.group/repository/pypi.org/packages/mypy/1.15.0/mypy-1.15.0-cp313-cp313-macosx_10_13_x86_64.whl", hash = "sha256:93faf3fdb04768d44bf28693293f3904bbb555d076b781ad2530214ee53e3445" },
    { url = "https://nexus.infra.myoffice.group/repository/pypi.org/packages/mypy/1.15.0/mypy-1.15.0-cp313-cp313-macosx_11_0_arm64.whl", hash = "sha256:811aeccadfb730024c5d3e326b2fbe9249bb7413553f15499a4050f7c30e801d" },
    { url = "https://nexus.infra.myoffice.group/repository/pypi.org/packages/mypy/1.15.0/mypy-1.15.0-cp313-cp313-manylinux_2_17_aarch64.manylinux2014_aarch64.manylinux_2_28_aarch64.whl", hash = "sha256:98b7b9b9aedb65fe628c62a6dc57f6d5088ef2dfca37903a7d9ee374d03acca5" },
    { url = "https://nexus.infra.myoffice.group/repository/pypi.org/packages/mypy/1.15.0/mypy-1.15.0-cp313-cp313-manylinux_2_17_x86_64.manylinux2014_x86_64.manylinux_2_28_x86_64.whl", hash = "sha256:c43a7682e24b4f576d93072216bf56eeff70d9140241f9edec0c104d0c515036" },
    { url = "https://nexus.infra.myoffice.group/repository/pypi.org/packages/mypy/1.15.0/mypy-1.15.0-cp313-cp313-musllinux_1_2_x86_64.whl", hash = "sha256:baefc32840a9f00babd83251560e0ae1573e2f9d1b067719479bfb0e987c6357" },
    { url = "https://nexus.infra.myoffice.group/repository/pypi.org/packages/mypy/1.15.0/mypy-1.15.0-cp313-cp313-win_amd64.whl", hash = "sha256:b9378e2c00146c44793c98b8d5a61039a048e31f429fb0eb546d93f4b000bedf" },
    { url = "https://nexus.infra.myoffice.group/repository/pypi.org/packages/mypy/1.15.0/mypy-1.15.0-py3-none-any.whl", hash = "sha256:5469affef548bd1895d86d3bf10ce2b44e33d86923c29e4d675b3e323437ea3e" },
]

[[package]]
name = "mypy-extensions"
version = "1.1.0"
source = { registry = "https://nexus.infra.myoffice.group/repository/pypi.org/simple" }
sdist = { url = "https://nexus.infra.myoffice.group/repository/pypi.org/packages/mypy-extensions/1.1.0/mypy_extensions-1.1.0.tar.gz", hash = "sha256:52e68efc3284861e772bbcd66823fde5ae21fd2fdb51c62a211403730b916558" }
wheels = [
    { url = "https://nexus.infra.myoffice.group/repository/pypi.org/packages/mypy-extensions/1.1.0/mypy_extensions-1.1.0-py3-none-any.whl", hash = "sha256:1be4cccdb0f2482337c4743e60421de3a356cd97508abadd57d47403e94f5505" },
]

[[package]]
name = "packaging"
version = "25.0"
source = { registry = "https://nexus.infra.myoffice.group/repository/pypi.org/simple" }
sdist = { url = "https://nexus.infra.myoffice.group/repository/pypi.org/packages/packaging/25.0/packaging-25.0.tar.gz", hash = "sha256:d443872c98d677bf60f6a1f2f8c1cb748e8fe762d2bf9d3148b5599295b0fc4f" }
wheels = [
    { url = "https://nexus.infra.myoffice.group/repository/pypi.org/packages/packaging/25.0/packaging-25.0-py3-none-any.whl", hash = "sha256:29572ef2b1f17581046b3a2227d5c611fb25ec70ca1ba8554b24b0e69331a484" },
]

[[package]]
name = "pluggy"
version = "1.6.0"
source = { registry = "https://nexus.infra.myoffice.group/repository/pypi.org/simple" }
sdist = { url = "https://nexus.infra.myoffice.group/repository/pypi.org/packages/pluggy/1.6.0/pluggy-1.6.0.tar.gz", hash = "sha256:7dcc130b76258d33b90f61b658791dede3486c3e6bfb003ee5c9bfb396dd22f3" }
wheels = [
    { url = "https://nexus.infra.myoffice.group/repository/pypi.org/packages/pluggy/1.6.0/pluggy-1.6.0-py3-none-any.whl", hash = "sha256:e920276dd6813095e9377c0bc5566d94c932c33b27a3e3945d8389c374dd4746" },
]

[[package]]
name = "pydantic"
version = "2.11.5"
source = { registry = "https://nexus.infra.myoffice.group/repository/pypi.org/simple" }
dependencies = [
    { name = "annotated-types" },
    { name = "pydantic-core" },
    { name = "typing-extensions" },
    { name = "typing-inspection" },
]
sdist = { url = "https://nexus.infra.myoffice.group/repository/pypi.org/packages/pydantic/2.11.5/pydantic-2.11.5.tar.gz", hash = "sha256:7f853db3d0ce78ce8bbb148c401c2cdd6431b3473c0cdff2755c7690952a7b7a" }
wheels = [
    { url = "https://nexus.infra.myoffice.group/repository/pypi.org/packages/pydantic/2.11.5/pydantic-2.11.5-py3-none-any.whl", hash = "sha256:f9c26ba06f9747749ca1e5c94d6a85cb84254577553c8785576fd38fa64dc0f7" },
]

[[package]]
name = "pydantic-core"
version = "2.33.2"
source = { registry = "https://nexus.infra.myoffice.group/repository/pypi.org/simple" }
dependencies = [
    { name = "typing-extensions" },
]
sdist = { url = "https://nexus.infra.myoffice.group/repository/pypi.org/packages/pydantic-core/2.33.2/pydantic_core-2.33.2.tar.gz", hash = "sha256:7cb8bc3605c29176e1b105350d2e6474142d7c1bd1d9327c4a9bdb46bf827acc" }
wheels = [
    { url = "https://nexus.infra.myoffice.group/repository/pypi.org/packages/pydantic-core/2.33.2/pydantic_core-2.33.2-cp310-cp310-macosx_10_12_x86_64.whl", hash = "sha256:2b3d326aaef0c0399d9afffeb6367d5e26ddc24d351dbc9c636840ac355dc5d8" },
    { url = "https://nexus.infra.myoffice.group/repository/pypi.org/packages/pydantic-core/2.33.2/pydantic_core-2.33.2-cp310-cp310-macosx_11_0_arm64.whl", hash = "sha256:0e5b2671f05ba48b94cb90ce55d8bdcaaedb8ba00cc5359f6810fc918713983d" },
    { url = "https://nexus.infra.myoffice.group/repository/pypi.org/packages/pydantic-core/2.33.2/pydantic_core-2.33.2-cp310-cp310-manylinux_2_17_aarch64.manylinux2014_aarch64.whl", hash = "sha256:0069c9acc3f3981b9ff4cdfaf088e98d83440a4c7ea1bc07460af3d4dc22e72d" },
    { url = "https://nexus.infra.myoffice.group/repository/pypi.org/packages/pydantic-core/2.33.2/pydantic_core-2.33.2-cp310-cp310-manylinux_2_17_armv7l.manylinux2014_armv7l.whl", hash = "sha256:d53b22f2032c42eaaf025f7c40c2e3b94568ae077a606f006d206a463bc69572" },
    { url = "https://nexus.infra.myoffice.group/repository/pypi.org/packages/pydantic-core/2.33.2/pydantic_core-2.33.2-cp310-cp310-manylinux_2_17_ppc64le.manylinux2014_ppc64le.whl", hash = "sha256:0405262705a123b7ce9f0b92f123334d67b70fd1f20a9372b907ce1080c7ba02" },
    { url = "https://nexus.infra.myoffice.group/repository/pypi.org/packages/pydantic-core/2.33.2/pydantic_core-2.33.2-cp310-cp310-manylinux_2_17_s390x.manylinux2014_s390x.whl", hash = "sha256:4b25d91e288e2c4e0662b8038a28c6a07eaac3e196cfc4ff69de4ea3db992a1b" },
    { url = "https://nexus.infra.myoffice.group/repository/pypi.org/packages/pydantic-core/2.33.2/pydantic_core-2.33.2-cp310-cp310-manylinux_2_17_x86_64.manylinux2014_x86_64.whl", hash = "sha256:6bdfe4b3789761f3bcb4b1ddf33355a71079858958e3a552f16d5af19768fef2" },
    { url = "https://nexus.infra.myoffice.group/repository/pypi.org/packages/pydantic-core/2.33.2/pydantic_core-2.33.2-cp310-cp310-manylinux_2_5_i686.manylinux1_i686.whl", hash = "sha256:efec8db3266b76ef9607c2c4c419bdb06bf335ae433b80816089ea7585816f6a" },
    { url = "https://nexus.infra.myoffice.group/repository/pypi.org/packages/pydantic-core/2.33.2/pydantic_core-2.33.2-cp310-cp310-musllinux_1_1_aarch64.whl", hash = "sha256:031c57d67ca86902726e0fae2214ce6770bbe2f710dc33063187a68744a5ecac" },
    { url = "https://nexus.infra.myoffice.group/repository/pypi.org/packages/pydantic-core/2.33.2/pydantic_core-2.33.2-cp310-cp310-musllinux_1_1_armv7l.whl", hash = "sha256:f8de619080e944347f5f20de29a975c2d815d9ddd8be9b9b7268e2e3ef68605a" },
    { url = "https://nexus.infra.myoffice.group/repository/pypi.org/packages/pydantic-core/2.33.2/pydantic_core-2.33.2-cp310-cp310-musllinux_1_1_x86_64.whl", hash = "sha256:73662edf539e72a9440129f231ed3757faab89630d291b784ca99237fb94db2b" },
    { url = "https://nexus.infra.myoffice.group/repository/pypi.org/packages/pydantic-core/2.33.2/pydantic_core-2.33.2-cp310-cp310-win32.whl", hash = "sha256:0a39979dcbb70998b0e505fb1556a1d550a0781463ce84ebf915ba293ccb7e22" },
    { url = "https://nexus.infra.myoffice.group/repository/pypi.org/packages/pydantic-core/2.33.2/pydantic_core-2.33.2-cp310-cp310-win_amd64.whl", hash = "sha256:b0379a2b24882fef529ec3b4987cb5d003b9cda32256024e6fe1586ac45fc640" },
    { url = "https://nexus.infra.myoffice.group/repository/pypi.org/packages/pydantic-core/2.33.2/pydantic_core-2.33.2-cp311-cp311-macosx_10_12_x86_64.whl", hash = "sha256:4c5b0a576fb381edd6d27f0a85915c6daf2f8138dc5c267a57c08a62900758c7" },
    { url = "https://nexus.infra.myoffice.group/repository/pypi.org/packages/pydantic-core/2.33.2/pydantic_core-2.33.2-cp311-cp311-macosx_11_0_arm64.whl", hash = "sha256:e799c050df38a639db758c617ec771fd8fb7a5f8eaaa4b27b101f266b216a246" },
    { url = "https://nexus.infra.myoffice.group/repository/pypi.org/packages/pydantic-core/2.33.2/pydantic_core-2.33.2-cp311-cp311-manylinux_2_17_aarch64.manylinux2014_aarch64.whl", hash = "sha256:dc46a01bf8d62f227d5ecee74178ffc448ff4e5197c756331f71efcc66dc980f" },
    { url = "https://nexus.infra.myoffice.group/repository/pypi.org/packages/pydantic-core/2.33.2/pydantic_core-2.33.2-cp311-cp311-manylinux_2_17_armv7l.manylinux2014_armv7l.whl", hash = "sha256:a144d4f717285c6d9234a66778059f33a89096dfb9b39117663fd8413d582dcc" },
    { url = "https://nexus.infra.myoffice.group/repository/pypi.org/packages/pydantic-core/2.33.2/pydantic_core-2.33.2-cp311-cp311-manylinux_2_17_ppc64le.manylinux2014_ppc64le.whl", hash = "sha256:73cf6373c21bc80b2e0dc88444f41ae60b2f070ed02095754eb5a01df12256de" },
    { url = "https://nexus.infra.myoffice.group/repository/pypi.org/packages/pydantic-core/2.33.2/pydantic_core-2.33.2-cp311-cp311-manylinux_2_17_s390x.manylinux2014_s390x.whl", hash = "sha256:3dc625f4aa79713512d1976fe9f0bc99f706a9dee21dfd1810b4bbbf228d0e8a" },
    { url = "https://nexus.infra.myoffice.group/repository/pypi.org/packages/pydantic-core/2.33.2/pydantic_core-2.33.2-cp311-cp311-manylinux_2_17_x86_64.manylinux2014_x86_64.whl", hash = "sha256:881b21b5549499972441da4758d662aeea93f1923f953e9cbaff14b8b9565aef" },
    { url = "https://nexus.infra.myoffice.group/repository/pypi.org/packages/pydantic-core/2.33.2/pydantic_core-2.33.2-cp311-cp311-manylinux_2_5_i686.manylinux1_i686.whl", hash = "sha256:bdc25f3681f7b78572699569514036afe3c243bc3059d3942624e936ec93450e" },
    { url = "https://nexus.infra.myoffice.group/repository/pypi.org/packages/pydantic-core/2.33.2/pydantic_core-2.33.2-cp311-cp311-musllinux_1_1_aarch64.whl", hash = "sha256:fe5b32187cbc0c862ee201ad66c30cf218e5ed468ec8dc1cf49dec66e160cc4d" },
    { url = "https://nexus.infra.myoffice.group/repository/pypi.org/packages/pydantic-core/2.33.2/pydantic_core-2.33.2-cp311-cp311-musllinux_1_1_armv7l.whl", hash = "sha256:bc7aee6f634a6f4a95676fcb5d6559a2c2a390330098dba5e5a5f28a2e4ada30" },
    { url = "https://nexus.infra.myoffice.group/repository/pypi.org/packages/pydantic-core/2.33.2/pydantic_core-2.33.2-cp311-cp311-musllinux_1_1_x86_64.whl", hash = "sha256:235f45e5dbcccf6bd99f9f472858849f73d11120d76ea8707115415f8e5ebebf" },
    { url = "https://nexus.infra.myoffice.group/repository/pypi.org/packages/pydantic-core/2.33.2/pydantic_core-2.33.2-cp311-cp311-win32.whl", hash = "sha256:6368900c2d3ef09b69cb0b913f9f8263b03786e5b2a387706c5afb66800efd51" },
    { url = "https://nexus.infra.myoffice.group/repository/pypi.org/packages/pydantic-core/2.33.2/pydantic_core-2.33.2-cp311-cp311-win_amd64.whl", hash = "sha256:1e063337ef9e9820c77acc768546325ebe04ee38b08703244c1309cccc4f1bab" },
    { url = "https://nexus.infra.myoffice.group/repository/pypi.org/packages/pydantic-core/2.33.2/pydantic_core-2.33.2-cp311-cp311-win_arm64.whl", hash = "sha256:6b99022f1d19bc32a4c2a0d544fc9a76e3be90f0b3f4af413f87d38749300e65" },
    { url = "https://nexus.infra.myoffice.group/repository/pypi.org/packages/pydantic-core/2.33.2/pydantic_core-2.33.2-cp312-cp312-macosx_10_12_x86_64.whl", hash = "sha256:a7ec89dc587667f22b6a0b6579c249fca9026ce7c333fc142ba42411fa243cdc" },
    { url = "https://nexus.infra.myoffice.group/repository/pypi.org/packages/pydantic-core/2.33.2/pydantic_core-2.33.2-cp312-cp312-macosx_11_0_arm64.whl", hash = "sha256:3c6db6e52c6d70aa0d00d45cdb9b40f0433b96380071ea80b09277dba021ddf7" },
    { url = "https://nexus.infra.myoffice.group/repository/pypi.org/packages/pydantic-core/2.33.2/pydantic_core-2.33.2-cp312-cp312-manylinux_2_17_aarch64.manylinux2014_aarch64.whl", hash = "sha256:4e61206137cbc65e6d5256e1166f88331d3b6238e082d9f74613b9b765fb9025" },
    { url = "https://nexus.infra.myoffice.group/repository/pypi.org/packages/pydantic-core/2.33.2/pydantic_core-2.33.2-cp312-cp312-manylinux_2_17_armv7l.manylinux2014_armv7l.whl", hash = "sha256:eb8c529b2819c37140eb51b914153063d27ed88e3bdc31b71198a198e921e011" },
    { url = "https://nexus.infra.myoffice.group/repository/pypi.org/packages/pydantic-core/2.33.2/pydantic_core-2.33.2-cp312-cp312-manylinux_2_17_ppc64le.manylinux2014_ppc64le.whl", hash = "sha256:c52b02ad8b4e2cf14ca7b3d918f3eb0ee91e63b3167c32591e57c4317e134f8f" },
    { url = "https://nexus.infra.myoffice.group/repository/pypi.org/packages/pydantic-core/2.33.2/pydantic_core-2.33.2-cp312-cp312-manylinux_2_17_s390x.manylinux2014_s390x.whl", hash = "sha256:96081f1605125ba0855dfda83f6f3df5ec90c61195421ba72223de35ccfb2f88" },
    { url = "https://nexus.infra.myoffice.group/repository/pypi.org/packages/pydantic-core/2.33.2/pydantic_core-2.33.2-cp312-cp312-manylinux_2_17_x86_64.manylinux2014_x86_64.whl", hash = "sha256:8f57a69461af2a5fa6e6bbd7a5f60d3b7e6cebb687f55106933188e79ad155c1" },
    { url = "https://nexus.infra.myoffice.group/repository/pypi.org/packages/pydantic-core/2.33.2/pydantic_core-2.33.2-cp312-cp312-manylinux_2_5_i686.manylinux1_i686.whl", hash = "sha256:572c7e6c8bb4774d2ac88929e3d1f12bc45714ae5ee6d9a788a9fb35e60bb04b" },
    { url = "https://nexus.infra.myoffice.group/repository/pypi.org/packages/pydantic-core/2.33.2/pydantic_core-2.33.2-cp312-cp312-musllinux_1_1_aarch64.whl", hash = "sha256:db4b41f9bd95fbe5acd76d89920336ba96f03e149097365afe1cb092fceb89a1" },
    { url = "https://nexus.infra.myoffice.group/repository/pypi.org/packages/pydantic-core/2.33.2/pydantic_core-2.33.2-cp312-cp312-musllinux_1_1_armv7l.whl", hash = "sha256:fa854f5cf7e33842a892e5c73f45327760bc7bc516339fda888c75ae60edaeb6" },
    { url = "https://nexus.infra.myoffice.group/repository/pypi.org/packages/pydantic-core/2.33.2/pydantic_core-2.33.2-cp312-cp312-musllinux_1_1_x86_64.whl", hash = "sha256:5f483cfb75ff703095c59e365360cb73e00185e01aaea067cd19acffd2ab20ea" },
    { url = "https://nexus.infra.myoffice.group/repository/pypi.org/packages/pydantic-core/2.33.2/pydantic_core-2.33.2-cp312-cp312-win32.whl", hash = "sha256:9cb1da0f5a471435a7bc7e439b8a728e8b61e59784b2af70d7c169f8dd8ae290" },
    { url = "https://nexus.infra.myoffice.group/repository/pypi.org/packages/pydantic-core/2.33.2/pydantic_core-2.33.2-cp312-cp312-win_amd64.whl", hash = "sha256:f941635f2a3d96b2973e867144fde513665c87f13fe0e193c158ac51bfaaa7b2" },
    { url = "https://nexus.infra.myoffice.group/repository/pypi.org/packages/pydantic-core/2.33.2/pydantic_core-2.33.2-cp312-cp312-win_arm64.whl", hash = "sha256:cca3868ddfaccfbc4bfb1d608e2ccaaebe0ae628e1416aeb9c4d88c001bb45ab" },
    { url = "https://nexus.infra.myoffice.group/repository/pypi.org/packages/pydantic-core/2.33.2/pydantic_core-2.33.2-cp313-cp313-macosx_10_12_x86_64.whl", hash = "sha256:1082dd3e2d7109ad8b7da48e1d4710c8d06c253cbc4a27c1cff4fbcaa97a9e3f" },
    { url = "https://nexus.infra.myoffice.group/repository/pypi.org/packages/pydantic-core/2.33.2/pydantic_core-2.33.2-cp313-cp313-macosx_11_0_arm64.whl", hash = "sha256:f517ca031dfc037a9c07e748cefd8d96235088b83b4f4ba8939105d20fa1dcd6" },
    { url = "https://nexus.infra.myoffice.group/repository/pypi.org/packages/pydantic-core/2.33.2/pydantic_core-2.33.2-cp313-cp313-manylinux_2_17_aarch64.manylinux2014_aarch64.whl", hash = "sha256:0a9f2c9dd19656823cb8250b0724ee9c60a82f3cdf68a080979d13092a3b0fef" },
    { url = "https://nexus.infra.myoffice.group/repository/pypi.org/packages/pydantic-core/2.33.2/pydantic_core-2.33.2-cp313-cp313-manylinux_2_17_armv7l.manylinux2014_armv7l.whl", hash = "sha256:2b0a451c263b01acebe51895bfb0e1cc842a5c666efe06cdf13846c7418caa9a" },
    { url = "https://nexus.infra.myoffice.group/repository/pypi.org/packages/pydantic-core/2.33.2/pydantic_core-2.33.2-cp313-cp313-manylinux_2_17_ppc64le.manylinux2014_ppc64le.whl", hash = "sha256:1ea40a64d23faa25e62a70ad163571c0b342b8bf66d5fa612ac0dec4f069d916" },
    { url = "https://nexus.infra.myoffice.group/repository/pypi.org/packages/pydantic-core/2.33.2/pydantic_core-2.33.2-cp313-cp313-manylinux_2_17_s390x.manylinux2014_s390x.whl", hash = "sha256:0fb2d542b4d66f9470e8065c5469ec676978d625a8b7a363f07d9a501a9cb36a" },
    { url = "https://nexus.infra.myoffice.group/repository/pypi.org/packages/pydantic-core/2.33.2/pydantic_core-2.33.2-cp313-cp313-manylinux_2_17_x86_64.manylinux2014_x86_64.whl", hash = "sha256:9fdac5d6ffa1b5a83bca06ffe7583f5576555e6c8b3a91fbd25ea7780f825f7d" },
    { url = "https://nexus.infra.myoffice.group/repository/pypi.org/packages/pydantic-core/2.33.2/pydantic_core-2.33.2-cp313-cp313-manylinux_2_5_i686.manylinux1_i686.whl", hash = "sha256:04a1a413977ab517154eebb2d326da71638271477d6ad87a769102f7c2488c56" },
    { url = "https://nexus.infra.myoffice.group/repository/pypi.org/packages/pydantic-core/2.33.2/pydantic_core-2.33.2-cp313-cp313-musllinux_1_1_aarch64.whl", hash = "sha256:c8e7af2f4e0194c22b5b37205bfb293d166a7344a5b0d0eaccebc376546d77d5" },
    { url = "https://nexus.infra.myoffice.group/repository/pypi.org/packages/pydantic-core/2.33.2/pydantic_core-2.33.2-cp313-cp313-musllinux_1_1_armv7l.whl", hash = "sha256:5c92edd15cd58b3c2d34873597a1e20f13094f59cf88068adb18947df5455b4e" },
    { url = "https://nexus.infra.myoffice.group/repository/pypi.org/packages/pydantic-core/2.33.2/pydantic_core-2.33.2-cp313-cp313-musllinux_1_1_x86_64.whl", hash = "sha256:65132b7b4a1c0beded5e057324b7e16e10910c106d43675d9bd87d4f38dde162" },
    { url = "https://nexus.infra.myoffice.group/repository/pypi.org/packages/pydantic-core/2.33.2/pydantic_core-2.33.2-cp313-cp313-win32.whl", hash = "sha256:52fb90784e0a242bb96ec53f42196a17278855b0f31ac7c3cc6f5c1ec4811849" },
    { url = "https://nexus.infra.myoffice.group/repository/pypi.org/packages/pydantic-core/2.33.2/pydantic_core-2.33.2-cp313-cp313-win_amd64.whl", hash = "sha256:c083a3bdd5a93dfe480f1125926afcdbf2917ae714bdb80b36d34318b2bec5d9" },
    { url = "https://nexus.infra.myoffice.group/repository/pypi.org/packages/pydantic-core/2.33.2/pydantic_core-2.33.2-cp313-cp313-win_arm64.whl", hash = "sha256:e80b087132752f6b3d714f041ccf74403799d3b23a72722ea2e6ba2e892555b9" },
    { url = "https://nexus.infra.myoffice.group/repository/pypi.org/packages/pydantic-core/2.33.2/pydantic_core-2.33.2-cp313-cp313t-macosx_11_0_arm64.whl", hash = "sha256:61c18fba8e5e9db3ab908620af374db0ac1baa69f0f32df4f61ae23f15e586ac" },
    { url = "https://nexus.infra.myoffice.group/repository/pypi.org/packages/pydantic-core/2.33.2/pydantic_core-2.33.2-cp313-cp313t-manylinux_2_17_x86_64.manylinux2014_x86_64.whl", hash = "sha256:95237e53bb015f67b63c91af7518a62a8660376a6a0db19b89acc77a4d6199f5" },
    { url = "https://nexus.infra.myoffice.group/repository/pypi.org/packages/pydantic-core/2.33.2/pydantic_core-2.33.2-cp313-cp313t-win_amd64.whl", hash = "sha256:c2fc0a768ef76c15ab9238afa6da7f69895bb5d1ee83aeea2e3509af4472d0b9" },
    { url = "https://nexus.infra.myoffice.group/repository/pypi.org/packages/pydantic-core/2.33.2/pydantic_core-2.33.2-pp310-pypy310_pp73-macosx_10_12_x86_64.whl", hash = "sha256:5c4aa4e82353f65e548c476b37e64189783aa5384903bfea4f41580f255fddfa" },
    { url = "https://nexus.infra.myoffice.group/repository/pypi.org/packages/pydantic-core/2.33.2/pydantic_core-2.33.2-pp310-pypy310_pp73-macosx_11_0_arm64.whl", hash = "sha256:d946c8bf0d5c24bf4fe333af284c59a19358aa3ec18cb3dc4370080da1e8ad29" },
    { url = "https://nexus.infra.myoffice.group/repository/pypi.org/packages/pydantic-core/2.33.2/pydantic_core-2.33.2-pp310-pypy310_pp73-manylinux_2_17_aarch64.manylinux2014_aarch64.whl", hash = "sha256:87b31b6846e361ef83fedb187bb5b4372d0da3f7e28d85415efa92d6125d6e6d" },
    { url = "https://nexus.infra.myoffice.group/repository/pypi.org/packages/pydantic-core/2.33.2/pydantic_core-2.33.2-pp310-pypy310_pp73-manylinux_2_17_x86_64.manylinux2014_x86_64.whl", hash = "sha256:aa9d91b338f2df0508606f7009fde642391425189bba6d8c653afd80fd6bb64e" },
    { url = "https://nexus.infra.myoffice.group/repository/pypi.org/packages/pydantic-core/2.33.2/pydantic_core-2.33.2-pp310-pypy310_pp73-manylinux_2_5_i686.manylinux1_i686.whl", hash = "sha256:2058a32994f1fde4ca0480ab9d1e75a0e8c87c22b53a3ae66554f9af78f2fe8c" },
    { url = "https://nexus.infra.myoffice.group/repository/pypi.org/packages/pydantic-core/2.33.2/pydantic_core-2.33.2-pp310-pypy310_pp73-musllinux_1_1_aarch64.whl", hash = "sha256:0e03262ab796d986f978f79c943fc5f620381be7287148b8010b4097f79a39ec" },
    { url = "https://nexus.infra.myoffice.group/repository/pypi.org/packages/pydantic-core/2.33.2/pydantic_core-2.33.2-pp310-pypy310_pp73-musllinux_1_1_armv7l.whl", hash = "sha256:1a8695a8d00c73e50bff9dfda4d540b7dee29ff9b8053e38380426a85ef10052" },
    { url = "https://nexus.infra.myoffice.group/repository/pypi.org/packages/pydantic-core/2.33.2/pydantic_core-2.33.2-pp310-pypy310_pp73-musllinux_1_1_x86_64.whl", hash = "sha256:fa754d1850735a0b0e03bcffd9d4b4343eb417e47196e4485d9cca326073a42c" },
    { url = "https://nexus.infra.myoffice.group/repository/pypi.org/packages/pydantic-core/2.33.2/pydantic_core-2.33.2-pp310-pypy310_pp73-win_amd64.whl", hash = "sha256:a11c8d26a50bfab49002947d3d237abe4d9e4b5bdc8846a63537b6488e197808" },
    { url = "https://nexus.infra.myoffice.group/repository/pypi.org/packages/pydantic-core/2.33.2/pydantic_core-2.33.2-pp311-pypy311_pp73-macosx_10_12_x86_64.whl", hash = "sha256:dd14041875d09cc0f9308e37a6f8b65f5585cf2598a53aa0123df8b129d481f8" },
    { url = "https://nexus.infra.myoffice.group/repository/pypi.org/packages/pydantic-core/2.33.2/pydantic_core-2.33.2-pp311-pypy311_pp73-macosx_11_0_arm64.whl", hash = "sha256:d87c561733f66531dced0da6e864f44ebf89a8fba55f31407b00c2f7f9449593" },
    { url = "https://nexus.infra.myoffice.group/repository/pypi.org/packages/pydantic-core/2.33.2/pydantic_core-2.33.2-pp311-pypy311_pp73-manylinux_2_17_aarch64.manylinux2014_aarch64.whl", hash = "sha256:2f82865531efd18d6e07a04a17331af02cb7a651583c418df8266f17a63c6612" },
    { url = "https://nexus.infra.myoffice.group/repository/pypi.org/packages/pydantic-core/2.33.2/pydantic_core-2.33.2-pp311-pypy311_pp73-manylinux_2_17_x86_64.manylinux2014_x86_64.whl", hash = "sha256:2bfb5112df54209d820d7bf9317c7a6c9025ea52e49f46b6a2060104bba37de7" },
    { url = "https://nexus.infra.myoffice.group/repository/pypi.org/packages/pydantic-core/2.33.2/pydantic_core-2.33.2-pp311-pypy311_pp73-manylinux_2_5_i686.manylinux1_i686.whl", hash = "sha256:64632ff9d614e5eecfb495796ad51b0ed98c453e447a76bcbeeb69615079fc7e" },
    { url = "https://nexus.infra.myoffice.group/repository/pypi.org/packages/pydantic-core/2.33.2/pydantic_core-2.33.2-pp311-pypy311_pp73-musllinux_1_1_aarch64.whl", hash = "sha256:f889f7a40498cc077332c7ab6b4608d296d852182211787d4f3ee377aaae66e8" },
    { url = "https://nexus.infra.myoffice.group/repository/pypi.org/packages/pydantic-core/2.33.2/pydantic_core-2.33.2-pp311-pypy311_pp73-musllinux_1_1_armv7l.whl", hash = "sha256:de4b83bb311557e439b9e186f733f6c645b9417c84e2eb8203f3f820a4b988bf" },
    { url = "https://nexus.infra.myoffice.group/repository/pypi.org/packages/pydantic-core/2.33.2/pydantic_core-2.33.2-pp311-pypy311_pp73-musllinux_1_1_x86_64.whl", hash = "sha256:82f68293f055f51b51ea42fafc74b6aad03e70e191799430b90c13d643059ebb" },
    { url = "https://nexus.infra.myoffice.group/repository/pypi.org/packages/pydantic-core/2.33.2/pydantic_core-2.33.2-pp311-pypy311_pp73-win_amd64.whl", hash = "sha256:329467cecfb529c925cf2bbd4d60d2c509bc2fb52a20c1045bf09bb70971a9c1" },
]

[[package]]
name = "pyddd"
version = "0.12.0"
source = { editable = "." }
dependencies = [
    { name = "pydantic" },
]

[package.optional-dependencies]
backoff-retry = [
    { name = "backoff" },
]
tenacity-retry = [
    { name = "tenacity" },
]
transport-redis = [
    { name = "redis" },
]

[package.dev-dependencies]
dev = [
    { name = "backoff" },
    { name = "mypy" },
    { name = "pytest" },
    { name = "pytest-asyncio" },
    { name = "redis" },
    { name = "ruff" },
    { name = "tenacity" },
]

[package.metadata]
requires-dist = [
    { name = "backoff", marker = "extra == 'backoff-retry'", specifier = ">=2.0.0" },
    { name = "pydantic", specifier = ">=1.10.4,<3.0.0" },
    { name = "redis", marker = "extra == 'transport-redis'", specifier = ">=3.5.0" },
    { name = "tenacity", marker = "extra == 'tenacity-retry'", specifier = ">=9.0.0" },
]
provides-extras = ["transport-redis", "tenacity-retry", "backoff-retry"]

[package.metadata.requires-dev]
dev = [
    { name = "backoff", specifier = ">=2.0.0" },
    { name = "mypy", specifier = ">=1.15.0" },
    { name = "pytest", specifier = ">=8.3.5" },
    { name = "pytest-asyncio", specifier = ">=0.25.3" },
    { name = "redis", specifier = ">=3.5.0" },
    { name = "ruff", specifier = ">=0.11.5" },
    { name = "tenacity", specifier = ">=9.0.0" },
]

[[package]]
name = "pytest"
version = "8.3.5"
source = { registry = "https://nexus.infra.myoffice.group/repository/pypi.org/simple" }
dependencies = [
    { name = "colorama", marker = "sys_platform == 'win32'" },
    { name = "exceptiongroup", marker = "python_full_version < '3.11'" },
    { name = "iniconfig" },
    { name = "packaging" },
    { name = "pluggy" },
    { name = "tomli", marker = "python_full_version < '3.11'" },
]
sdist = { url = "https://nexus.infra.myoffice.group/repository/pypi.org/packages/pytest/8.3.5/pytest-8.3.5.tar.gz", hash = "sha256:f4efe70cc14e511565ac476b57c279e12a855b11f48f212af1080ef2263d3845" }
wheels = [
    { url = "https://nexus.infra.myoffice.group/repository/pypi.org/packages/pytest/8.3.5/pytest-8.3.5-py3-none-any.whl", hash = "sha256:c69214aa47deac29fad6c2a4f590b9c4a9fdb16a403176fe154b79c0b4d4d820" },
]

[[package]]
name = "pytest-asyncio"
version = "0.26.0"
source = { registry = "https://nexus.infra.myoffice.group/repository/pypi.org/simple" }
dependencies = [
    { name = "pytest" },
]
sdist = { url = "https://nexus.infra.myoffice.group/repository/pypi.org/packages/pytest-asyncio/0.26.0/pytest_asyncio-0.26.0.tar.gz", hash = "sha256:c4df2a697648241ff39e7f0e4a73050b03f123f760673956cf0d72a4990e312f" }
wheels = [
    { url = "https://nexus.infra.myoffice.group/repository/pypi.org/packages/pytest-asyncio/0.26.0/pytest_asyncio-0.26.0-py3-none-any.whl", hash = "sha256:7b51ed894f4fbea1340262bdae5135797ebbe21d8638978e35d31c6d19f72fb0" },
]

[[package]]
name = "redis"
version = "6.1.0"
source = { registry = "https://nexus.infra.myoffice.group/repository/pypi.org/simple" }
dependencies = [
    { name = "async-timeout", marker = "python_full_version < '3.11.3'" },
]
sdist = { url = "https://nexus.infra.myoffice.group/repository/pypi.org/packages/redis/6.1.0/redis-6.1.0.tar.gz", hash = "sha256:c928e267ad69d3069af28a9823a07726edf72c7e37764f43dc0123f37928c075" }
wheels = [
    { url = "https://nexus.infra.myoffice.group/repository/pypi.org/packages/redis/6.1.0/redis-6.1.0-py3-none-any.whl", hash = "sha256:3b72622f3d3a89df2a6041e82acd896b0e67d9f54e9bcd906d091d23ba5219f6" },
]

[[package]]
name = "ruff"
version = "0.11.11"
source = { registry = "https://nexus.infra.myoffice.group/repository/pypi.org/simple" }
sdist = { url = "https://nexus.infra.myoffice.group/repository/pypi.org/packages/ruff/0.11.11/ruff-0.11.11.tar.gz", hash = "sha256:7774173cc7c1980e6bf67569ebb7085989a78a103922fb83ef3dfe230cd0687d" }
wheels = [
    { url = "https://nexus.infra.myoffice.group/repository/pypi.org/packages/ruff/0.11.11/ruff-0.11.11-py3-none-linux_armv6l.whl", hash = "sha256:9924e5ae54125ed8958a4f7de320dab7380f6e9fa3195e3dc3b137c6842a0092" },
    { url = "https://nexus.infra.myoffice.group/repository/pypi.org/packages/ruff/0.11.11/ruff-0.11.11-py3-none-macosx_10_12_x86_64.whl", hash = "sha256:c8a93276393d91e952f790148eb226658dd275cddfde96c6ca304873f11d2ae4" },
    { url = "https://nexus.infra.myoffice.group/repository/pypi.org/packages/ruff/0.11.11/ruff-0.11.11-py3-none-macosx_11_0_arm64.whl", hash = "sha256:d6e333dbe2e6ae84cdedefa943dfd6434753ad321764fd937eef9d6b62022bcd" },
    { url = "https://nexus.infra.myoffice.group/repository/pypi.org/packages/ruff/0.11.11/ruff-0.11.11-py3-none-manylinux_2_17_aarch64.manylinux2014_aarch64.whl", hash = "sha256:7885d9a5e4c77b24e8c88aba8c80be9255fa22ab326019dac2356cff42089fc6" },
    { url = "https://nexus.infra.myoffice.group/repository/pypi.org/packages/ruff/0.11.11/ruff-0.11.11-py3-none-manylinux_2_17_armv7l.manylinux2014_armv7l.whl", hash = "sha256:1b5ab797fcc09121ed82e9b12b6f27e34859e4227080a42d090881be888755d4" },
    { url = "https://nexus.infra.myoffice.group/repository/pypi.org/packages/ruff/0.11.11/ruff-0.11.11-py3-none-manylinux_2_17_i686.manylinux2014_i686.whl", hash = "sha256:e231ff3132c1119ece836487a02785f099a43992b95c2f62847d29bace3c75ac" },
    { url = "https://nexus.infra.myoffice.group/repository/pypi.org/packages/ruff/0.11.11/ruff-0.11.11-py3-none-manylinux_2_17_ppc64.manylinux2014_ppc64.whl", hash = "sha256:a97c9babe1d4081037a90289986925726b802d180cca784ac8da2bbbc335f709" },
    { url = "https://nexus.infra.myoffice.group/repository/pypi.org/packages/ruff/0.11.11/ruff-0.11.11-py3-none-manylinux_2_17_ppc64le.manylinux2014_ppc64le.whl", hash = "sha256:d8c4ddcbe8a19f59f57fd814b8b117d4fcea9bee7c0492e6cf5fdc22cfa563c8" },
    { url = "https://nexus.infra.myoffice.group/repository/pypi.org/packages/ruff/0.11.11/ruff-0.11.11-py3-none-manylinux_2_17_s390x.manylinux2014_s390x.whl", hash = "sha256:6224076c344a7694c6fbbb70d4f2a7b730f6d47d2a9dc1e7f9d9bb583faf390b" },
    { url = "https://nexus.infra.myoffice.group/repository/pypi.org/packages/ruff/0.11.11/ruff-0.11.11-py3-none-manylinux_2_17_x86_64.manylinux2014_x86_64.whl", hash = "sha256:882821fcdf7ae8db7a951df1903d9cb032bbe838852e5fc3c2b6c3ab54e39875" },
    { url = "https://nexus.infra.myoffice.group/repository/pypi.org/packages/ruff/0.11.11/ruff-0.11.11-py3-none-musllinux_1_2_aarch64.whl", hash = "sha256:dcec2d50756463d9df075a26a85a6affbc1b0148873da3997286caf1ce03cae1" },
    { url = "https://nexus.infra.myoffice.group/repository/pypi.org/packages/ruff/0.11.11/ruff-0.11.11-py3-none-musllinux_1_2_armv7l.whl", hash = "sha256:99c28505ecbaeb6594701a74e395b187ee083ee26478c1a795d35084d53ebd81" },
    { url = "https://nexus.infra.myoffice.group/repository/pypi.org/packages/ruff/0.11.11/ruff-0.11.11-py3-none-musllinux_1_2_i686.whl", hash = "sha256:9263f9e5aa4ff1dec765e99810f1cc53f0c868c5329b69f13845f699fe74f639" },
    { url = "https://nexus.infra.myoffice.group/repository/pypi.org/packages/ruff/0.11.11/ruff-0.11.11-py3-none-musllinux_1_2_x86_64.whl", hash = "sha256:64ac6f885e3ecb2fdbb71de2701d4e34526651f1e8503af8fb30d4915a3fe345" },
    { url = "https://nexus.infra.myoffice.group/repository/pypi.org/packages/ruff/0.11.11/ruff-0.11.11-py3-none-win32.whl", hash = "sha256:1adcb9a18802268aaa891ffb67b1c94cd70578f126637118e8099b8e4adcf112" },
    { url = "https://nexus.infra.myoffice.group/repository/pypi.org/packages/ruff/0.11.11/ruff-0.11.11-py3-none-win_amd64.whl", hash = "sha256:748b4bb245f11e91a04a4ff0f96e386711df0a30412b9fe0c74d5bdc0e4a531f" },
    { url = "https://nexus.infra.myoffice.group/repository/pypi.org/packages/ruff/0.11.11/ruff-0.11.11-py3-none-win_arm64.whl", hash = "sha256:6c51f136c0364ab1b774767aa8b86331bd8e9d414e2d107db7a2189f35ea1f7b" },
]

[[package]]
name = "tenacity"
version = "9.1.2"
source = { registry = "https://nexus.infra.myoffice.group/repository/pypi.org/simple" }
sdist = { url = "https://nexus.infra.myoffice.group/repository/pypi.org/packages/tenacity/9.1.2/tenacity-9.1.2.tar.gz", hash = "sha256:1169d376c297e7de388d18b4481760d478b0e99a777cad3a9c86e556f4b697cb" }
wheels = [
    { url = "https://nexus.infra.myoffice.group/repository/pypi.org/packages/tenacity/9.1.2/tenacity-9.1.2-py3-none-any.whl", hash = "sha256:f77bf36710d8b73a50b2dd155c97b870017ad21afe6ab300326b0371b3b05138" },
]

[[package]]
name = "tomli"
version = "2.2.1"
source = { registry = "https://nexus.infra.myoffice.group/repository/pypi.org/simple" }
sdist = { url = "https://nexus.infra.myoffice.group/repository/pypi.org/packages/tomli/2.2.1/tomli-2.2.1.tar.gz", hash = "sha256:cd45e1dc79c835ce60f7404ec8119f2eb06d38b1deba146f07ced3bbc44505ff" }
wheels = [
    { url = "https://nexus.infra.myoffice.group/repository/pypi.org/packages/tomli/2.2.1/tomli-2.2.1-cp311-cp311-macosx_10_9_x86_64.whl", hash = "sha256:678e4fa69e4575eb77d103de3df8a895e1591b48e740211bd1067378c69e8249" },
    { url = "https://nexus.infra.myoffice.group/repository/pypi.org/packages/tomli/2.2.1/tomli-2.2.1-cp311-cp311-macosx_11_0_arm64.whl", hash = "sha256:023aa114dd824ade0100497eb2318602af309e5a55595f76b626d6d9f3b7b0a6" },
    { url = "https://nexus.infra.myoffice.group/repository/pypi.org/packages/tomli/2.2.1/tomli-2.2.1-cp311-cp311-manylinux_2_17_aarch64.manylinux2014_aarch64.whl", hash = "sha256:ece47d672db52ac607a3d9599a9d48dcb2f2f735c6c2d1f34130085bb12b112a" },
    { url = "https://nexus.infra.myoffice.group/repository/pypi.org/packages/tomli/2.2.1/tomli-2.2.1-cp311-cp311-manylinux_2_17_x86_64.manylinux2014_x86_64.whl", hash = "sha256:6972ca9c9cc9f0acaa56a8ca1ff51e7af152a9f87fb64623e31d5c83700080ee" },
    { url = "https://nexus.infra.myoffice.group/repository/pypi.org/packages/tomli/2.2.1/tomli-2.2.1-cp311-cp311-manylinux_2_5_i686.manylinux1_i686.manylinux_2_17_i686.manylinux2014_i686.whl", hash = "sha256:c954d2250168d28797dd4e3ac5cf812a406cd5a92674ee4c8f123c889786aa8e" },
    { url = "https://nexus.infra.myoffice.group/repository/pypi.org/packages/tomli/2.2.1/tomli-2.2.1-cp311-cp311-musllinux_1_2_aarch64.whl", hash = "sha256:8dd28b3e155b80f4d54beb40a441d366adcfe740969820caf156c019fb5c7ec4" },
    { url = "https://nexus.infra.myoffice.group/repository/pypi.org/packages/tomli/2.2.1/tomli-2.2.1-cp311-cp311-musllinux_1_2_i686.whl", hash = "sha256:e59e304978767a54663af13c07b3d1af22ddee3bb2fb0618ca1593e4f593a106" },
    { url = "https://nexus.infra.myoffice.group/repository/pypi.org/packages/tomli/2.2.1/tomli-2.2.1-cp311-cp311-musllinux_1_2_x86_64.whl", hash = "sha256:33580bccab0338d00994d7f16f4c4ec25b776af3ffaac1ed74e0b3fc95e885a8" },
    { url = "https://nexus.infra.myoffice.group/repository/pypi.org/packages/tomli/2.2.1/tomli-2.2.1-cp311-cp311-win32.whl", hash = "sha256:465af0e0875402f1d226519c9904f37254b3045fc5084697cefb9bdde1ff99ff" },
    { url = "https://nexus.infra.myoffice.group/repository/pypi.org/packages/tomli/2.2.1/tomli-2.2.1-cp311-cp311-win_amd64.whl", hash = "sha256:2d0f2fdd22b02c6d81637a3c95f8cd77f995846af7414c5c4b8d0545afa1bc4b" },
    { url = "https://nexus.infra.myoffice.group/repository/pypi.org/packages/tomli/2.2.1/tomli-2.2.1-cp312-cp312-macosx_10_13_x86_64.whl", hash = "sha256:4a8f6e44de52d5e6c657c9fe83b562f5f4256d8ebbfe4ff922c495620a7f6cea" },
    { url = "https://nexus.infra.myoffice.group/repository/pypi.org/packages/tomli/2.2.1/tomli-2.2.1-cp312-cp312-macosx_11_0_arm64.whl", hash = "sha256:8d57ca8095a641b8237d5b079147646153d22552f1c637fd3ba7f4b0b29167a8" },
    { url = "https://nexus.infra.myoffice.group/repository/pypi.org/packages/tomli/2.2.1/tomli-2.2.1-cp312-cp312-manylinux_2_17_aarch64.manylinux2014_aarch64.whl", hash = "sha256:4e340144ad7ae1533cb897d406382b4b6fede8890a03738ff1683af800d54192" },
    { url = "https://nexus.infra.myoffice.group/repository/pypi.org/packages/tomli/2.2.1/tomli-2.2.1-cp312-cp312-manylinux_2_17_x86_64.manylinux2014_x86_64.whl", hash = "sha256:db2b95f9de79181805df90bedc5a5ab4c165e6ec3fe99f970d0e302f384ad222" },
    { url = "https://nexus.infra.myoffice.group/repository/pypi.org/packages/tomli/2.2.1/tomli-2.2.1-cp312-cp312-manylinux_2_5_i686.manylinux1_i686.manylinux_2_17_i686.manylinux2014_i686.whl", hash = "sha256:40741994320b232529c802f8bc86da4e1aa9f413db394617b9a256ae0f9a7f77" },
    { url = "https://nexus.infra.myoffice.group/repository/pypi.org/packages/tomli/2.2.1/tomli-2.2.1-cp312-cp312-musllinux_1_2_aarch64.whl", hash = "sha256:400e720fe168c0f8521520190686ef8ef033fb19fc493da09779e592861b78c6" },
    { url = "https://nexus.infra.myoffice.group/repository/pypi.org/packages/tomli/2.2.1/tomli-2.2.1-cp312-cp312-musllinux_1_2_i686.whl", hash = "sha256:02abe224de6ae62c19f090f68da4e27b10af2b93213d36cf44e6e1c5abd19fdd" },
    { url = "https://nexus.infra.myoffice.group/repository/pypi.org/packages/tomli/2.2.1/tomli-2.2.1-cp312-cp312-musllinux_1_2_x86_64.whl", hash = "sha256:b82ebccc8c8a36f2094e969560a1b836758481f3dc360ce9a3277c65f374285e" },
    { url = "https://nexus.infra.myoffice.group/repository/pypi.org/packages/tomli/2.2.1/tomli-2.2.1-cp312-cp312-win32.whl", hash = "sha256:889f80ef92701b9dbb224e49ec87c645ce5df3fa2cc548664eb8a25e03127a98" },
    { url = "https://nexus.infra.myoffice.group/repository/pypi.org/packages/tomli/2.2.1/tomli-2.2.1-cp312-cp312-win_amd64.whl", hash = "sha256:7fc04e92e1d624a4a63c76474610238576942d6b8950a2d7f908a340494e67e4" },
    { url = "https://nexus.infra.myoffice.group/repository/pypi.org/packages/tomli/2.2.1/tomli-2.2.1-cp313-cp313-macosx_10_13_x86_64.whl", hash = "sha256:f4039b9cbc3048b2416cc57ab3bda989a6fcf9b36cf8937f01a6e731b64f80d7" },
    { url = "https://nexus.infra.myoffice.group/repository/pypi.org/packages/tomli/2.2.1/tomli-2.2.1-cp313-cp313-macosx_11_0_arm64.whl", hash = "sha256:286f0ca2ffeeb5b9bd4fcc8d6c330534323ec51b2f52da063b11c502da16f30c" },
    { url = "https://nexus.infra.myoffice.group/repository/pypi.org/packages/tomli/2.2.1/tomli-2.2.1-cp313-cp313-manylinux_2_17_aarch64.manylinux2014_aarch64.whl", hash = "sha256:a92ef1a44547e894e2a17d24e7557a5e85a9e1d0048b0b5e7541f76c5032cb13" },
    { url = "https://nexus.infra.myoffice.group/repository/pypi.org/packages/tomli/2.2.1/tomli-2.2.1-cp313-cp313-manylinux_2_17_x86_64.manylinux2014_x86_64.whl", hash = "sha256:9316dc65bed1684c9a98ee68759ceaed29d229e985297003e494aa825ebb0281" },
    { url = "https://nexus.infra.myoffice.group/repository/pypi.org/packages/tomli/2.2.1/tomli-2.2.1-cp313-cp313-manylinux_2_5_i686.manylinux1_i686.manylinux_2_17_i686.manylinux2014_i686.whl", hash = "sha256:e85e99945e688e32d5a35c1ff38ed0b3f41f43fad8df0bdf79f72b2ba7bc5272" },
    { url = "https://nexus.infra.myoffice.group/repository/pypi.org/packages/tomli/2.2.1/tomli-2.2.1-cp313-cp313-musllinux_1_2_aarch64.whl", hash = "sha256:ac065718db92ca818f8d6141b5f66369833d4a80a9d74435a268c52bdfa73140" },
    { url = "https://nexus.infra.myoffice.group/repository/pypi.org/packages/tomli/2.2.1/tomli-2.2.1-cp313-cp313-musllinux_1_2_i686.whl", hash = "sha256:d920f33822747519673ee656a4b6ac33e382eca9d331c87770faa3eef562aeb2" },
    { url = "https://nexus.infra.myoffice.group/repository/pypi.org/packages/tomli/2.2.1/tomli-2.2.1-cp313-cp313-musllinux_1_2_x86_64.whl", hash = "sha256:a198f10c4d1b1375d7687bc25294306e551bf1abfa4eace6650070a5c1ae2744" },
    { url = "https://nexus.infra.myoffice.group/repository/pypi.org/packages/tomli/2.2.1/tomli-2.2.1-cp313-cp313-win32.whl", hash = "sha256:d3f5614314d758649ab2ab3a62d4f2004c825922f9e370b29416484086b264ec" },
    { url = "https://nexus.infra.myoffice.group/repository/pypi.org/packages/tomli/2.2.1/tomli-2.2.1-cp313-cp313-win_amd64.whl", hash = "sha256:a38aa0308e754b0e3c67e344754dff64999ff9b513e691d0e786265c93583c69" },
    { url = "https://nexus.infra.myoffice.group/repository/pypi.org/packages/tomli/2.2.1/tomli-2.2.1-py3-none-any.whl", hash = "sha256:cb55c73c5f4408779d0cf3eef9f762b9c9f147a77de7b258bef0a5628adc85cc" },
]

[[package]]
name = "typing-extensions"
version = "4.13.2"
source = { registry = "https://nexus.infra.myoffice.group/repository/pypi.org/simple" }
sdist = { url = "https://nexus.infra.myoffice.group/repository/pypi.org/packages/typing-extensions/4.13.2/typing_extensions-4.13.2.tar.gz", hash = "sha256:e6c81219bd689f51865d9e372991c540bda33a0379d5573cddb9a3a23f7caaef" }
wheels = [
    { url = "https://nexus.infra.myoffice.group/repository/pypi.org/packages/typing-extensions/4.13.2/typing_extensions-4.13.2-py3-none-any.whl", hash = "sha256:a439e7c04b49fec3e5d3e2beaa21755cadbbdc391694e28ccdd36ca4a1408f8c" },
]

[[package]]
name = "typing-inspection"
version = "0.4.1"
source = { registry = "https://nexus.infra.myoffice.group/repository/pypi.org/simple" }
dependencies = [
    { name = "typing-extensions" },
]
sdist = { url = "https://nexus.infra.myoffice.group/repository/pypi.org/packages/typing-inspection/0.4.1/typing_inspection-0.4.1.tar.gz", hash = "sha256:6ae134cc0203c33377d43188d4064e9b357dba58cff3185f22924610e70a9d28" }
wheels = [
    { url = "https://nexus.infra.myoffice.group/repository/pypi.org/packages/typing-inspection/0.4.1/typing_inspection-0.4.1-py3-none-any.whl", hash = "sha256:389055682238f53b04f7badcb49b989835495a96700ced5dab2d8feae4b26f51" },
]
